PODS:
  - sonect-core-ios (1.4.0)

DEPENDENCIES:
  - sonect-core-ios

SPEC REPOS:
  https://github.com/CocoaPods/Specs.git:
    - sonect-core-ios

SPEC CHECKSUMS:
  sonect-core-ios: 4cfe19947b1afeecb492a0ba5de5a947f0f3dc83

PODFILE CHECKSUM: 97acd131b9c956af821c73ff06147a5f4d079f51

COCOAPODS: 1.10.1
