PODS:
  - sonect-core-ios (1.4.5)

DEPENDENCIES:
  - sonect-core-ios

SPEC REPOS:
  https://github.com/CocoaPods/Specs.git:
    - sonect-core-ios

SPEC CHECKSUMS:
  sonect-core-ios: cd02d778d93b80d52525d1b2fcc99cc28a1773cd

PODFILE CHECKSUM: 97acd131b9c956af821c73ff06147a5f4d079f51

COCOAPODS: 1.10.1
