PODS:
  - sonect-core-ios (1.5.0)

DEPENDENCIES:
  - sonect-core-ios

SPEC REPOS:
  https://github.com/CocoaPods/Specs.git:
    - sonect-core-ios

SPEC CHECKSUMS:
  sonect-core-ios: 481c46bc3c6f701e53f6780191618de968697100

PODFILE CHECKSUM: 97acd131b9c956af821c73ff06147a5f4d079f51

COCOAPODS: 1.10.1
